Microsoft Visual Studio Solution File, Format Version 12.00
# Visual Studio Version 17
VisualStudioVersion = 17.5.2.0
MinimumVisualStudioVersion = 10.0.40219.1
Project("{FAE04EC0-301F-11D3-BF4B-00C04F79EFBC}") = "andrewrobilliard", "andrewrobilliard\andrewrobilliard.csproj", "{5D37DA9B-403D-9C95-0C38-F289D653357E}"
EndProject
Global
	GlobalSection(SolutionConfigurationPlatforms) = preSolution
		Debug|Any CPU = Debug|Any CPU
		Release|Any CPU = Release|Any CPU
	EndGlobalSection
	GlobalSection(ProjectConfigurationPlatforms) = postSolution
		{5D37DA9B-403D-9C95-0C38-F289D653357E}.Debug|Any CPU.ActiveCfg = Debug|Any CPU
		{5D37DA9B-403D-9C95-0C38-F289D653357E}.Debug|Any CPU.Build.0 = Debug|Any CPU
		{5D37DA9B-403D-9C95-0C38-F289D653357E}.Release|Any CPU.ActiveCfg = Release|Any CPU
		{5D37DA9B-403D-9C95-0C38-F289D653357E}.Release|Any CPU.Build.0 = Release|Any CPU
	EndGlobalSection
	GlobalSection(SolutionProperties) = preSolution
		HideSolutionNode = FALSE
	EndGlobalSection
	GlobalSection(ExtensibilityGlobals) = postSolution
		SolutionGuid = {52F5EF9A-9361-4790-96D4-2B1DA07DB013}
	EndGlobalSection
EndGlobal
